// !$*UTF8*$!
{
	archiveVersion = 1;
	classes = {
	};
	objectVersion = 77;
	objects = {

/* Begin PBXBuildFile section */
		0B5FB84553B5857D8ECEB1DC /* PendingStore.swift in Sources */ = {isa = PBXBuildFile; fileRef = 26B39C8507608E9E09A4C87D /* PendingStore.swift */; };
		0D51FDA1694C2ECA08DA3F5E /* Assets.xcassets in Resources */ = {isa = PBXBuildFile; fileRef = 1F6D48B0D6B33CDCFC980CBD /* Assets.xcassets */; };
		107EED2E8B9754ECB995B3DF /* FYVideoCompressor in Frameworks */ = {isa = PBXBuildFile; productRef = E8A9ED350A703F9EAF1CDA91 /* FYVideoCompressor */; };
		13A1D4F80977B8D1EA84DB82 /* LazyPager in Frameworks */ = {isa = PBXBuildFile; productRef = 4A677370EF0D1A3DA130B241 /* LazyPager */; };
		24B2FF9A64C3A7F84F3AD6C5 /* KeychainAccess in Frameworks */ = {isa = PBXBuildFile; productRef = 62E60A31C2421F71CE67D919 /* KeychainAccess */; };
		2A8563B9966C62951A4E8D67 /* MediaCompressor.swift in Sources */ = {isa = PBXBuildFile; fileRef = 0AF85F0B111F42C315E257A2 /* MediaCompressor.swift */; };
		39384BA69A2B393C766B6E6E /* MapViewModel.swift in Sources */ = {isa = PBXBuildFile; fileRef = 8E2581E6150C834401927100 /* MapViewModel.swift */; };
		440C2CC483A9E17757501ADA /* DescriptionStepView.swift in Sources */ = {isa = PBXBuildFile; fileRef = 44766F2DE7DFC8576566A0AF /* DescriptionStepView.swift */; };
		44DCBF845465155C6A877FEE /* ProfileView.swift in Sources */ = {isa = PBXBuildFile; fileRef = FFBA35634291A3B8F365D85D /* ProfileView.swift */; };
		4B4F1CC0CF0CA5F623869733 /* MediaCaptureView.swift in Sources */ = {isa = PBXBuildFile; fileRef = D9D108F77E19B9CD9251305B /* MediaCaptureView.swift */; };
		4F1DE6D265333AD7AC276477 /* YPImagePicker in Frameworks */ = {isa = PBXBuildFile; productRef = 5A701F52FD63A75ECBD6B80F /* YPImagePicker */; };
		5B74FDF4D5FE18C2F20CE69B /* OnboardingView.swift in Sources */ = {isa = PBXBuildFile; fileRef = 6A59CECBDD13DDF3C2C11972 /* OnboardingView.swift */; };
		704C836CCC1B68D39D5F8B29 /* AuthManager.swift in Sources */ = {isa = PBXBuildFile; fileRef = 702099485B19214D722CB2AB /* AuthManager.swift */; };
		8A92D89BDF126E969C43FAE7 /* PermissionCardsView.swift in Sources */ = {isa = PBXBuildFile; fileRef = DFEE69431EFD18643CDD1516 /* PermissionCardsView.swift */; };
		8D5C220DCDA28F0BC940D295 /* ToastManager.swift in Sources */ = {isa = PBXBuildFile; fileRef = 063211FB7EC797AEFD489DE6 /* ToastManager.swift */; };
		8E82AAB2424095D2D1ECDBA7 /* PermissionGateView.swift in Sources */ = {isa = PBXBuildFile; fileRef = C8D6796591AD82A922A91F5E /* PermissionGateView.swift */; };
		9920ED1276D0819A568362B5 /* ContentView.swift in Sources */ = {isa = PBXBuildFile; fileRef = 0AE2CB33037E6D96F692E131 /* ContentView.swift */; };
		B75E0DBA2194C2670F968BDD /* User.swift in Sources */ = {isa = PBXBuildFile; fileRef = 9C0C2297077E1CF861F55EF2 /* User.swift */; };
		BD0BAA4861F1F934B6E3FEF7 /* MapKitMapView.swift in Sources */ = {isa = PBXBuildFile; fileRef = 1057374311D0AF3FDAC2B2FF /* MapKitMapView.swift */; };
		BF0F79BCD34011F89D63D19D /* MapView.swift in Sources */ = {isa = PBXBuildFile; fileRef = BB11E724A06F70ED3DA7B0F5 /* MapView.swift */; };
		C0E44758121DAEDF631C5FA1 /* Post.swift in Sources */ = {isa = PBXBuildFile; fileRef = C9FE43E3CC773AD637F3A523 /* Post.swift */; };
		C80A8E2C26F7DF70940D2A66 /* PanPeryskopApp.swift in Sources */ = {isa = PBXBuildFile; fileRef = CF363C9DF35DD8CFF0D626AB /* PanPeryskopApp.swift */; };
		CA6B53CF05EDBC94617C3745 /* StoryFullScreenView.swift in Sources */ = {isa = PBXBuildFile; fileRef = CD807EFE91A16807FF11C921 /* StoryFullScreenView.swift */; };
		D9702F1880D277CD3D4CE45E /* AddContentView.swift in Sources */ = {isa = PBXBuildFile; fileRef = D6B96C79BC78BFB8995717B7 /* AddContentView.swift */; };
		DCA8A572B7CEBBBBAE9492B7 /* FaveLikeButton.swift in Sources */ = {isa = PBXBuildFile; fileRef = 364467F234AEB3E0D0E2513C /* FaveLikeButton.swift */; };
		DE7C5DB8BC87FCA5491719C8 /* City.swift in Sources */ = {isa = PBXBuildFile; fileRef = FBDD7756E22141DD95593257 /* City.swift */; };
		EF416FDD5F47F902E0511EB7 /* APIClient.swift in Sources */ = {isa = PBXBuildFile; fileRef = 11FEA4CA8A5185D280CA5E6B /* APIClient.swift */; };
		FF623E777239A2DC2C912B37 /* CityListView.swift in Sources */ = {isa = PBXBuildFile; fileRef = F76F226243E1E3B5C14FE6F5 /* CityListView.swift */; };
/* End PBXBuildFile section */

/* Begin PBXFileReference section */
		063211FB7EC797AEFD489DE6 /* ToastManager.swift */ = {isa = PBXFileReference; lastKnownFileType = sourcecode.swift; path = ToastManager.swift; sourceTree = "<group>"; };
		0AE2CB33037E6D96F692E131 /* ContentView.swift */ = {isa = PBXFileReference; lastKnownFileType = sourcecode.swift; path = ContentView.swift; sourceTree = "<group>"; };
		0AF85F0B111F42C315E257A2 /* MediaCompressor.swift */ = {isa = PBXFileReference; lastKnownFileType = sourcecode.swift; path = MediaCompressor.swift; sourceTree = "<group>"; };
		1057374311D0AF3FDAC2B2FF /* MapKitMapView.swift */ = {isa = PBXFileReference; lastKnownFileType = sourcecode.swift; path = MapKitMapView.swift; sourceTree = "<group>"; };
		11FEA4CA8A5185D280CA5E6B /* APIClient.swift */ = {isa = PBXFileReference; lastKnownFileType = sourcecode.swift; path = APIClient.swift; sourceTree = "<group>"; };
		1C034880D4F034B9E69C2EED /* LazyPager */ = {isa = PBXFileReference; lastKnownFileType = folder; name = LazyPager; path = vendor/LazyPager; sourceTree = SOURCE_ROOT; };
		1F6D48B0D6B33CDCFC980CBD /* Assets.xcassets */ = {isa = PBXFileReference; lastKnownFileType = folder.assetcatalog; path = Assets.xcassets; sourceTree = "<group>"; };
		26B39C8507608E9E09A4C87D /* PendingStore.swift */ = {isa = PBXFileReference; lastKnownFileType = sourcecode.swift; path = PendingStore.swift; sourceTree = "<group>"; };
		364467F234AEB3E0D0E2513C /* FaveLikeButton.swift */ = {isa = PBXFileReference; lastKnownFileType = sourcecode.swift; path = FaveLikeButton.swift; sourceTree = "<group>"; };
		4243C0678522339A2173990C /* YPImagePicker */ = {isa = PBXFileReference; lastKnownFileType = folder; name = YPImagePicker; path = vendor/YPImagePicker; sourceTree = SOURCE_ROOT; };
		44766F2DE7DFC8576566A0AF /* DescriptionStepView.swift */ = {isa = PBXFileReference; lastKnownFileType = sourcecode.swift; path = DescriptionStepView.swift; sourceTree = "<group>"; };
		6A59CECBDD13DDF3C2C11972 /* OnboardingView.swift */ = {isa = PBXFileReference; lastKnownFileType = sourcecode.swift; path = OnboardingView.swift; sourceTree = "<group>"; };
		702099485B19214D722CB2AB /* AuthManager.swift */ = {isa = PBXFileReference; lastKnownFileType = sourcecode.swift; path = AuthManager.swift; sourceTree = "<group>"; };
		8A37A2C635C84DB527D13F1A /* PanPeryskop.app */ = {isa = PBXFileReference; includeInIndex = 0; lastKnownFileType = wrapper.application; path = PanPeryskop.app; sourceTree = BUILT_PRODUCTS_DIR; };
		8E2581E6150C834401927100 /* MapViewModel.swift */ = {isa = PBXFileReference; lastKnownFileType = sourcecode.swift; path = MapViewModel.swift; sourceTree = "<group>"; };
		9C0C2297077E1CF861F55EF2 /* User.swift */ = {isa = PBXFileReference; lastKnownFileType = sourcecode.swift; path = User.swift; sourceTree = "<group>"; };
		BB11E724A06F70ED3DA7B0F5 /* MapView.swift */ = {isa = PBXFileReference; lastKnownFileType = sourcecode.swift; path = MapView.swift; sourceTree = "<group>"; };
		C8D6796591AD82A922A91F5E /* PermissionGateView.swift */ = {isa = PBXFileReference; lastKnownFileType = sourcecode.swift; path = PermissionGateView.swift; sourceTree = "<group>"; };
		C9FE43E3CC773AD637F3A523 /* Post.swift */ = {isa = PBXFileReference; lastKnownFileType = sourcecode.swift; path = Post.swift; sourceTree = "<group>"; };
		CD807EFE91A16807FF11C921 /* StoryFullScreenView.swift */ = {isa = PBXFileReference; lastKnownFileType = sourcecode.swift; path = StoryFullScreenView.swift; sourceTree = "<group>"; };
		CF363C9DF35DD8CFF0D626AB /* PanPeryskopApp.swift */ = {isa = PBXFileReference; lastKnownFileType = sourcecode.swift; path = PanPeryskopApp.swift; sourceTree = "<group>"; };
		D6B96C79BC78BFB8995717B7 /* AddContentView.swift */ = {isa = PBXFileReference; lastKnownFileType = sourcecode.swift; path = AddContentView.swift; sourceTree = "<group>"; };
		D9D108F77E19B9CD9251305B /* MediaCaptureView.swift */ = {isa = PBXFileReference; lastKnownFileType = sourcecode.swift; path = MediaCaptureView.swift; sourceTree = "<group>"; };
		DFEE69431EFD18643CDD1516 /* PermissionCardsView.swift */ = {isa = PBXFileReference; lastKnownFileType = sourcecode.swift; path = PermissionCardsView.swift; sourceTree = "<group>"; };
		F1660BA1D3400C29F149C24C /* Info.plist */ = {isa = PBXFileReference; lastKnownFileType = text.plist; path = Info.plist; sourceTree = "<group>"; };
		F76F226243E1E3B5C14FE6F5 /* CityListView.swift */ = {isa = PBXFileReference; lastKnownFileType = sourcecode.swift; path = CityListView.swift; sourceTree = "<group>"; };
		FBDD7756E22141DD95593257 /* City.swift */ = {isa = PBXFileReference; lastKnownFileType = sourcecode.swift; path = City.swift; sourceTree = "<group>"; };
		FFBA35634291A3B8F365D85D /* ProfileView.swift */ = {isa = PBXFileReference; lastKnownFileType = sourcecode.swift; path = ProfileView.swift; sourceTree = "<group>"; };
/* End PBXFileReference section */

/* Begin PBXFrameworksBuildPhase section */
		E0E293922A893CA9E6435B3A /* Frameworks */ = {
			isa = PBXFrameworksBuildPhase;
			buildActionMask = 2147483647;
			files = (
				13A1D4F80977B8D1EA84DB82 /* LazyPager in Frameworks */,
				24B2FF9A64C3A7F84F3AD6C5 /* KeychainAccess in Frameworks */,
				107EED2E8B9754ECB995B3DF /* FYVideoCompressor in Frameworks */,
				4F1DE6D265333AD7AC276477 /* YPImagePicker in Frameworks */,
			);
			runOnlyForDeploymentPostprocessing = 0;
		};
/* End PBXFrameworksBuildPhase section */

/* Begin PBXGroup section */
		03C9264C174503E6DBF93416 /* Screens */ = {
			isa = PBXGroup;
			children = (
				6A59CECBDD13DDF3C2C11972 /* OnboardingView.swift */,
				1BE4A3B91AC5913E661ECD09 /* AddContent */,
				CD81F3AFD58D7BF569E9A72A /* Map */,
				8FB460A6FDFAE52E5F9B14A1 /* Profile */,
				CC2A2109E5C61CA9318318FC /* Stories */,
			);
			path = Screens;
			sourceTree = "<group>";
		};
		07B8FF87A61E75745B82EDAC = {
			isa = PBXGroup;
			children = (
				47474A9108ACCDF7E2C4B210 /* Packages */,
				E5C7870980264F060A5E9A86 /* PanPeryskop */,
				8DC87279968CB465F2F73985 /* Products */,
			);
			sourceTree = "<group>";
		};
		1BE4A3B91AC5913E661ECD09 /* AddContent */ = {
			isa = PBXGroup;
			children = (
				D6B96C79BC78BFB8995717B7 /* AddContentView.swift */,
				44766F2DE7DFC8576566A0AF /* DescriptionStepView.swift */,
				D9D108F77E19B9CD9251305B /* MediaCaptureView.swift */,
				C8D6796591AD82A922A91F5E /* PermissionGateView.swift */,
			);
			path = AddContent;
			sourceTree = "<group>";
		};
		42C0B8DB1C4AF2E246CDE3AF /* App */ = {
			isa = PBXGroup;
			children = (
				0AE2CB33037E6D96F692E131 /* ContentView.swift */,
				CF363C9DF35DD8CFF0D626AB /* PanPeryskopApp.swift */,
			);
			path = App;
			sourceTree = "<group>";
		};
		47474A9108ACCDF7E2C4B210 /* Packages */ = {
			isa = PBXGroup;
			children = (
				1C034880D4F034B9E69C2EED /* LazyPager */,
				4243C0678522339A2173990C /* YPImagePicker */,
			);
			name = Packages;
			sourceTree = "<group>";
		};
		52A84047D3D5BB28DB9B94B0 /* Models */ = {
			isa = PBXGroup;
			children = (
				FBDD7756E22141DD95593257 /* City.swift */,
				C9FE43E3CC773AD637F3A523 /* Post.swift */,
				9C0C2297077E1CF861F55EF2 /* User.swift */,
			);
			path = Models;
			sourceTree = "<group>";
		};
		61D903EC53D4436295C771C2 /* Services */ = {
			isa = PBXGroup;
			children = (
				11FEA4CA8A5185D280CA5E6B /* APIClient.swift */,
				702099485B19214D722CB2AB /* AuthManager.swift */,
				0AF85F0B111F42C315E257A2 /* MediaCompressor.swift */,
				26B39C8507608E9E09A4C87D /* PendingStore.swift */,
				063211FB7EC797AEFD489DE6 /* ToastManager.swift */,
			);
			path = Services;
			sourceTree = "<group>";
		};
		8DC87279968CB465F2F73985 /* Products */ = {
			isa = PBXGroup;
			children = (
				8A37A2C635C84DB527D13F1A /* PanPeryskop.app */,
			);
			name = Products;
			sourceTree = "<group>";
		};
		8FB460A6FDFAE52E5F9B14A1 /* Profile */ = {
			isa = PBXGroup;
			children = (
				DFEE69431EFD18643CDD1516 /* PermissionCardsView.swift */,
				FFBA35634291A3B8F365D85D /* ProfileView.swift */,
			);
			path = Profile;
			sourceTree = "<group>";
		};
		CC2A2109E5C61CA9318318FC /* Stories */ = {
			isa = PBXGroup;
			children = (
				364467F234AEB3E0D0E2513C /* FaveLikeButton.swift */,
				CD807EFE91A16807FF11C921 /* StoryFullScreenView.swift */,
			);
			path = Stories;
			sourceTree = "<group>";
		};
		CD81F3AFD58D7BF569E9A72A /* Map */ = {
			isa = PBXGroup;
			children = (
				F76F226243E1E3B5C14FE6F5 /* CityListView.swift */,
				1057374311D0AF3FDAC2B2FF /* MapKitMapView.swift */,
				BB11E724A06F70ED3DA7B0F5 /* MapView.swift */,
				8E2581E6150C834401927100 /* MapViewModel.swift */,
			);
			path = Map;
			sourceTree = "<group>";
		};
		E5C7870980264F060A5E9A86 /* PanPeryskop */ = {
			isa = PBXGroup;
			children = (
				1F6D48B0D6B33CDCFC980CBD /* Assets.xcassets */,
				F1660BA1D3400C29F149C24C /* Info.plist */,
				42C0B8DB1C4AF2E246CDE3AF /* App */,
				52A84047D3D5BB28DB9B94B0 /* Models */,
				03C9264C174503E6DBF93416 /* Screens */,
				61D903EC53D4436295C771C2 /* Services */,
			);
			path = PanPeryskop;
			sourceTree = "<group>";
		};
/* End PBXGroup section */

/* Begin PBXNativeTarget section */
		B2CAE5D22E6E40FA50591BB7 /* PanPeryskop */ = {
			isa = PBXNativeTarget;
			buildConfigurationList = DCCB64F4AFCADA4ABDF00E92 /* Build configuration list for PBXNativeTarget "PanPeryskop" */;
			buildPhases = (
				218C78375E8CCBBBBB5E8418 /* Sources */,
				6C92A86337D02EBA1FD920D7 /* Resources */,
				E0E293922A893CA9E6435B3A /* Frameworks */,
			);
			buildRules = (
			);
			dependencies = (
			);
			name = PanPeryskop;
			packageProductDependencies = (
				4A677370EF0D1A3DA130B241 /* LazyPager */,
				62E60A31C2421F71CE67D919 /* KeychainAccess */,
				E8A9ED350A703F9EAF1CDA91 /* FYVideoCompressor */,
				5A701F52FD63A75ECBD6B80F /* YPImagePicker */,
			);
			productName = PanPeryskop;
			productReference = 8A37A2C635C84DB527D13F1A /* PanPeryskop.app */;
			productType = "com.apple.product-type.application";
		};
/* End PBXNativeTarget section */

/* Begin PBXProject section */
		6213154560AB611AC60158B4 /* Project object */ = {
			isa = PBXProject;
			attributes = {
				BuildIndependentTargetsInParallel = YES;
				LastUpgradeCheck = 1600;
				TargetAttributes = {
					B2CAE5D22E6E40FA50591BB7 = {
						DevelopmentTeam = 3UKH2QRFKZ;
					};
				};
			};
			buildConfigurationList = 9D82191E0BB8E5BB3492A853 /* Build configuration list for PBXProject "PanPeryskop" */;
			developmentRegion = en;
			hasScannedForEncodings = 0;
			knownRegions = (
				Base,
				en,
			);
			mainGroup = 07B8FF87A61E75745B82EDAC;
			minimizedProjectReferenceProxies = 1;
			packageReferences = (
				3E4D182D36DBB16871BA4EF4 /* XCRemoteSwiftPackageReference "FYVideoCompressor" */,
				F4B76D6ABBFB2973FB083892 /* XCRemoteSwiftPackageReference "KeychainAccess" */,
				8AD969F7942CFF7D09173F7F /* XCLocalSwiftPackageReference "vendor/LazyPager" */,
				FDDD76CB329425548FCD3F5E /* XCLocalSwiftPackageReference "vendor/YPImagePicker" */,
			);
			preferredProjectObjectVersion = 77;
			productRefGroup = 8DC87279968CB465F2F73985 /* Products */;
			projectDirPath = "";
			projectRoot = "";
			targets = (
				B2CAE5D22E6E40FA50591BB7 /* PanPeryskop */,
			);
		};
/* End PBXProject section */

/* Begin PBXResourcesBuildPhase section */
		6C92A86337D02EBA1FD920D7 /* Resources */ = {
			isa = PBXResourcesBuildPhase;
			buildActionMask = 2147483647;
			files = (
				0D51FDA1694C2ECA08DA3F5E /* Assets.xcassets in Resources */,
			);
			runOnlyForDeploymentPostprocessing = 0;
		};
/* End PBXResourcesBuildPhase section */

/* Begin PBXSourcesBuildPhase section */
		218C78375E8CCBBBBB5E8418 /* Sources */ = {
			isa = PBXSourcesBuildPhase;
			buildActionMask = 2147483647;
			files = (
				EF416FDD5F47F902E0511EB7 /* APIClient.swift in Sources */,
				D9702F1880D277CD3D4CE45E /* AddContentView.swift in Sources */,
				704C836CCC1B68D39D5F8B29 /* AuthManager.swift in Sources */,
				DE7C5DB8BC87FCA5491719C8 /* City.swift in Sources */,
				FF623E777239A2DC2C912B37 /* CityListView.swift in Sources */,
				9920ED1276D0819A568362B5 /* ContentView.swift in Sources */,
				440C2CC483A9E17757501ADA /* DescriptionStepView.swift in Sources */,
				DCA8A572B7CEBBBBAE9492B7 /* FaveLikeButton.swift in Sources */,
				BD0BAA4861F1F934B6E3FEF7 /* MapKitMapView.swift in Sources */,
				BF0F79BCD34011F89D63D19D /* MapView.swift in Sources */,
				39384BA69A2B393C766B6E6E /* MapViewModel.swift in Sources */,
				4B4F1CC0CF0CA5F623869733 /* MediaCaptureView.swift in Sources */,
				2A8563B9966C62951A4E8D67 /* MediaCompressor.swift in Sources */,
				5B74FDF4D5FE18C2F20CE69B /* OnboardingView.swift in Sources */,
				C80A8E2C26F7DF70940D2A66 /* PanPeryskopApp.swift in Sources */,
				0B5FB84553B5857D8ECEB1DC /* PendingStore.swift in Sources */,
				8A92D89BDF126E969C43FAE7 /* PermissionCardsView.swift in Sources */,
				8E82AAB2424095D2D1ECDBA7 /* PermissionGateView.swift in Sources */,
				C0E44758121DAEDF631C5FA1 /* Post.swift in Sources */,
				44DCBF845465155C6A877FEE /* ProfileView.swift in Sources */,
				CA6B53CF05EDBC94617C3745 /* StoryFullScreenView.swift in Sources */,
				8D5C220DCDA28F0BC940D295 /* ToastManager.swift in Sources */,
				B75E0DBA2194C2670F968BDD /* User.swift in Sources */,
			);
			runOnlyForDeploymentPostprocessing = 0;
		};
/* End PBXSourcesBuildPhase section */

/* Begin XCBuildConfiguration section */
		38D804573332EB04DC8B3CB4 /* Release */ = {
			isa = XCBuildConfiguration;
			buildSettings = {
				ASSETCATALOG_COMPILER_APPICON_NAME = AppIcon;
				CODE_SIGN_IDENTITY = "iPhone Developer";
				GENERATE_INFOPLIST_FILE = YES;
				INFOPLIST_FILE = PanPeryskop/Info.plist;
				INFOPLIST_KEY_NSCameraUsageDescription = "Potrzebujemy dostępu do aparatu, aby nagrywać treści.";
				INFOPLIST_KEY_NSLocationWhenInUseUsageDescription = "Używamy Twojej lokalizacji, aby pokazać Twoją pozycję na mapie i przypisywać treści do miejsc.";
				INFOPLIST_KEY_NSMicrophoneUsageDescription = "Potrzebujemy mikrofonu do nagrywania filmów.";
				INFOPLIST_KEY_NSPhotoLibraryAddUsageDescription = "Zapisujemy kopię zapasową nagrania w Twojej galerii.";
				INFOPLIST_KEY_NSPhotoLibraryUsageDescription = "Potrzebujemy dostępu do galerii, aby wybierać zdjęcia i filmy.";
				INFOPLIST_KEY_UIApplicationSceneManifest_Generation = YES;
				INFOPLIST_KEY_UIApplicationSupportsIndirectInputEvents = YES;
				INFOPLIST_KEY_UILaunchScreen_Generation = YES;
				INFOPLIST_KEY_UIRequiresFullScreen = YES;
				INFOPLIST_KEY_UISupportedInterfaceOrientations_iPad = (
					UIInterfaceOrientationPortrait,
					UIInterfaceOrientationPortraitUpsideDown,
					UIInterfaceOrientationLandscapeLeft,
					UIInterfaceOrientationLandscapeRight,
				);
				INFOPLIST_KEY_UISupportedInterfaceOrientations_iPhone = UIInterfaceOrientationPortrait;
				LD_RUNPATH_SEARCH_PATHS = (
					"$(inherited)",
					"@executable_path/Frameworks",
				);
				PRODUCT_BUNDLE_IDENTIFIER = com.panperyskop.PanPeryskop;
				SDKROOT = iphoneos;
				TARGETED_DEVICE_FAMILY = "1,2";
			};
			name = Release;
		};
		88FDCBBCDD456A751DD83689 /* Debug */ = {
			isa = XCBuildConfiguration;
			buildSettings = {
				ASSETCATALOG_COMPILER_APPICON_NAME = AppIcon;
				CODE_SIGN_IDENTITY = "iPhone Developer";
				GENERATE_INFOPLIST_FILE = YES;
				INFOPLIST_FILE = PanPeryskop/Info.plist;
				INFOPLIST_KEY_NSCameraUsageDescription = "Potrzebujemy dostępu do aparatu, aby nagrywać treści.";
				INFOPLIST_KEY_NSLocationWhenInUseUsageDescription = "Używamy Twojej lokalizacji, aby pokazać Twoją pozycję na mapie i przypisywać treści do miejsc.";
				INFOPLIST_KEY_NSMicrophoneUsageDescription = "Potrzebujemy mikrofonu do nagrywania filmów.";
				INFOPLIST_KEY_NSPhotoLibraryAddUsageDescription = "Zapisujemy kopię zapasową nagrania w Twojej galerii.";
				INFOPLIST_KEY_NSPhotoLibraryUsageDescription = "Potrzebujemy dostępu do galerii, aby wybierać zdjęcia i filmy.";
				INFOPLIST_KEY_UIApplicationSceneManifest_Generation = YES;
				INFOPLIST_KEY_UIApplicationSupportsIndirectInputEvents = YES;
				INFOPLIST_KEY_UILaunchScreen_Generation = YES;
				INFOPLIST_KEY_UIRequiresFullScreen = YES;
				INFOPLIST_KEY_UISupportedInterfaceOrientations_iPad = (
					UIInterfaceOrientationPortrait,
					UIInterfaceOrientationPortraitUpsideDown,
					UIInterfaceOrientationLandscapeLeft,
					UIInterfaceOrientationLandscapeRight,
				);
				INFOPLIST_KEY_UISupportedInterfaceOrientations_iPhone = UIInterfaceOrientationPortrait;
				LD_RUNPATH_SEARCH_PATHS = (
					"$(inherited)",
					"@executable_path/Frameworks",
				);
				PRODUCT_BUNDLE_IDENTIFIER = com.panperyskop.PanPeryskop;
				SDKROOT = iphoneos;
				TARGETED_DEVICE_FAMILY = "1,2";
			};
			name = Debug;
		};
		A9EA56D6300BF4B5980DFA8C /* Release */ = {
			isa = XCBuildConfiguration;
			buildSettings = {
				ALWAYS_SEARCH_USER_PATHS = NO;
				CLANG_ANALYZER_NONNULL = YES;
				CLANG_ANALYZER_NUMBER_OBJECT_CONVERSION = YES_AGGRESSIVE;
				CLANG_CXX_LANGUAGE_STANDARD = "gnu++14";
				CLANG_CXX_LIBRARY = "libc++";
				CLANG_ENABLE_MODULES = YES;
				CLANG_ENABLE_OBJC_ARC = YES;
				CLANG_ENABLE_OBJC_WEAK = YES;
				CLANG_WARN_BLOCK_CAPTURE_AUTORELEASING = YES;
				CLANG_WARN_BOOL_CONVERSION = YES;
				CLANG_WARN_COMMA = YES;
				CLANG_WARN_CONSTANT_CONVERSION = YES;
				CLANG_WARN_DEPRECATED_OBJC_IMPLEMENTATIONS = YES;
				CLANG_WARN_DIRECT_OBJC_ISA_USAGE = YES_ERROR;
				CLANG_WARN_DOCUMENTATION_COMMENTS = YES;
				CLANG_WARN_EMPTY_BODY = YES;
				CLANG_WARN_ENUM_CONVERSION = YES;
				CLANG_WARN_INFINITE_RECURSION = YES;
				CLANG_WARN_INT_CONVERSION = YES;
				CLANG_WARN_NON_LITERAL_NULL_CONVERSION = YES;
				CLANG_WARN_OBJC_IMPLICIT_RETAIN_SELF = YES;
				CLANG_WARN_OBJC_LITERAL_CONVERSION = YES;
				CLANG_WARN_OBJC_ROOT_CLASS = YES_ERROR;
				CLANG_WARN_QUOTED_INCLUDE_IN_FRAMEWORK_HEADER = YES;
				CLANG_WARN_RANGE_LOOP_ANALYSIS = YES;
				CLANG_WARN_STRICT_PROTOTYPES = YES;
				CLANG_WARN_SUSPICIOUS_MOVE = YES;
				CLANG_WARN_UNGUARDED_AVAILABILITY = YES_AGGRESSIVE;
				CLANG_WARN_UNREACHABLE_CODE = YES;
				CLANG_WARN__DUPLICATE_METHOD_MATCH = YES;
				COPY_PHASE_STRIP = NO;
				CURRENT_PROJECT_VERSION = 1;
				DEBUG_INFORMATION_FORMAT = "dwarf-with-dsym";
				DEVELOPMENT_TEAM = 3UKH2QRFKZ;
				ENABLE_NS_ASSERTIONS = NO;
				ENABLE_STRICT_OBJC_MSGSEND = YES;
				GCC_C_LANGUAGE_STANDARD = gnu11;
				GCC_NO_COMMON_BLOCKS = YES;
				GCC_WARN_64_TO_32_BIT_CONVERSION = YES;
				GCC_WARN_ABOUT_RETURN_TYPE = YES_ERROR;
				GCC_WARN_UNDECLARED_SELECTOR = YES;
				GCC_WARN_UNINITIALIZED_AUTOS = YES_AGGRESSIVE;
				GCC_WARN_UNUSED_FUNCTION = YES;
				GCC_WARN_UNUSED_VARIABLE = YES;
				INFOPLIST_KEY_CFBundleDisplayName = "Pan Peryskop";
				IPHONEOS_DEPLOYMENT_TARGET = 18.0;
				MARKETING_VERSION = 1.0;
				MTL_ENABLE_DEBUG_INFO = NO;
				MTL_FAST_MATH = YES;
				PRODUCT_NAME = "$(TARGET_NAME)";
				SDKROOT = iphoneos;
				SWIFT_COMPILATION_MODE = wholemodule;
				SWIFT_OPTIMIZATION_LEVEL = "-O";
				SWIFT_VERSION = 6.0;
			};
			name = Release;
		};
		D3DBB563860CCF64F7F44690 /* Debug */ = {
			isa = XCBuildConfiguration;
			buildSettings = {
				ALWAYS_SEARCH_USER_PATHS = NO;
				CLANG_ANALYZER_NONNULL = YES;
				CLANG_ANALYZER_NUMBER_OBJECT_CONVERSION = YES_AGGRESSIVE;
				CLANG_CXX_LANGUAGE_STANDARD = "gnu++14";
				CLANG_CXX_LIBRARY = "libc++";
				CLANG_ENABLE_MODULES = YES;
				CLANG_ENABLE_OBJC_ARC = YES;
				CLANG_ENABLE_OBJC_WEAK = YES;
				CLANG_WARN_BLOCK_CAPTURE_AUTORELEASING = YES;
				CLANG_WARN_BOOL_CONVERSION = YES;
				CLANG_WARN_COMMA = YES;
				CLANG_WARN_CONSTANT_CONVERSION = YES;
				CLANG_WARN_DEPRECATED_OBJC_IMPLEMENTATIONS = YES;
				CLANG_WARN_DIRECT_OBJC_ISA_USAGE = YES_ERROR;
				CLANG_WARN_DOCUMENTATION_COMMENTS = YES;
				CLANG_WARN_EMPTY_BODY = YES;
				CLANG_WARN_ENUM_CONVERSION = YES;
				CLANG_WARN_INFINITE_RECURSION = YES;
				CLANG_WARN_INT_CONVERSION = YES;
				CLANG_WARN_NON_LITERAL_NULL_CONVERSION = YES;
				CLANG_WARN_OBJC_IMPLICIT_RETAIN_SELF = YES;
				CLANG_WARN_OBJC_LITERAL_CONVERSION = YES;
				CLANG_WARN_OBJC_ROOT_CLASS = YES_ERROR;
				CLANG_WARN_QUOTED_INCLUDE_IN_FRAMEWORK_HEADER = YES;
				CLANG_WARN_RANGE_LOOP_ANALYSIS = YES;
				CLANG_WARN_STRICT_PROTOTYPES = YES;
				CLANG_WARN_SUSPICIOUS_MOVE = YES;
				CLANG_WARN_UNGUARDED_AVAILABILITY = YES_AGGRESSIVE;
				CLANG_WARN_UNREACHABLE_CODE = YES;
				CLANG_WARN__DUPLICATE_METHOD_MATCH = YES;
				COPY_PHASE_STRIP = NO;
				CURRENT_PROJECT_VERSION = 1;
				DEBUG_INFORMATION_FORMAT = dwarf;
				DEVELOPMENT_TEAM = 3UKH2QRFKZ;
				ENABLE_STRICT_OBJC_MSGSEND = YES;
				ENABLE_TESTABILITY = YES;
				GCC_C_LANGUAGE_STANDARD = gnu11;
				GCC_DYNAMIC_NO_PIC = NO;
				GCC_NO_COMMON_BLOCKS = YES;
				GCC_OPTIMIZATION_LEVEL = 0;
				GCC_PREPROCESSOR_DEFINITIONS = (
					"$(inherited)",
					"DEBUG=1",
				);
				GCC_WARN_64_TO_32_BIT_CONVERSION = YES;
				GCC_WARN_ABOUT_RETURN_TYPE = YES_ERROR;
				GCC_WARN_UNDECLARED_SELECTOR = YES;
				GCC_WARN_UNINITIALIZED_AUTOS = YES_AGGRESSIVE;
				GCC_WARN_UNUSED_FUNCTION = YES;
				GCC_WARN_UNUSED_VARIABLE = YES;
				INFOPLIST_KEY_CFBundleDisplayName = "Pan Peryskop";
				IPHONEOS_DEPLOYMENT_TARGET = 18.0;
				MARKETING_VERSION = 1.0;
				MTL_ENABLE_DEBUG_INFO = INCLUDE_SOURCE;
				MTL_FAST_MATH = YES;
				ONLY_ACTIVE_ARCH = YES;
				PRODUCT_NAME = "$(TARGET_NAME)";
				SDKROOT = iphoneos;
				SWIFT_ACTIVE_COMPILATION_CONDITIONS = DEBUG;
				SWIFT_OPTIMIZATION_LEVEL = "-Onone";
				SWIFT_VERSION = 6.0;
			};
			name = Debug;
		};
/* End XCBuildConfiguration section */

/* Begin XCConfigurationList section */
		9D82191E0BB8E5BB3492A853 /* Build configuration list for PBXProject "PanPeryskop" */ = {
			isa = XCConfigurationList;
			buildConfigurations = (
				D3DBB563860CCF64F7F44690 /* Debug */,
				A9EA56D6300BF4B5980DFA8C /* Release */,
			);
			defaultConfigurationIsVisible = 0;
			defaultConfigurationName = Debug;
		};
		DCCB64F4AFCADA4ABDF00E92 /* Build configuration list for PBXNativeTarget "PanPeryskop" */ = {
			isa = XCConfigurationList;
			buildConfigurations = (
				88FDCBBCDD456A751DD83689 /* Debug */,
				38D804573332EB04DC8B3CB4 /* Release */,
			);
			defaultConfigurationIsVisible = 0;
			defaultConfigurationName = Debug;
		};
/* End XCConfigurationList section */

/* Begin XCLocalSwiftPackageReference section */
		8AD969F7942CFF7D09173F7F /* XCLocalSwiftPackageReference "vendor/LazyPager" */ = {
			isa = XCLocalSwiftPackageReference;
			relativePath = vendor/LazyPager;
		};
		FDDD76CB329425548FCD3F5E /* XCLocalSwiftPackageReference "vendor/YPImagePicker" */ = {
			isa = XCLocalSwiftPackageReference;
			relativePath = vendor/YPImagePicker;
		};
/* End XCLocalSwiftPackageReference section */

/* Begin XCRemoteSwiftPackageReference section */
		3E4D182D36DBB16871BA4EF4 /* XCRemoteSwiftPackageReference "FYVideoCompressor" */ = {
			isa = XCRemoteSwiftPackageReference;
			repositoryURL = "https://github.com/T2Je/FYVideoCompressor";
			requirement = {
				kind = upToNextMajorVersion;
				minimumVersion = 0.0.6;
			};
		};
		F4B76D6ABBFB2973FB083892 /* XCRemoteSwiftPackageReference "KeychainAccess" */ = {
			isa = XCRemoteSwiftPackageReference;
			repositoryURL = "https://github.com/kishikawakatsumi/KeychainAccess";
			requirement = {
				kind = upToNextMajorVersion;
				minimumVersion = 4.2.0;
			};
		};
/* End XCRemoteSwiftPackageReference section */

/* Begin XCSwiftPackageProductDependency section */
		4A677370EF0D1A3DA130B241 /* LazyPager */ = {
			isa = XCSwiftPackageProductDependency;
			productName = LazyPager;
		};
		5A701F52FD63A75ECBD6B80F /* YPImagePicker */ = {
			isa = XCSwiftPackageProductDependency;
			productName = YPImagePicker;
		};
		62E60A31C2421F71CE67D919 /* KeychainAccess */ = {
			isa = XCSwiftPackageProductDependency;
			package = F4B76D6ABBFB2973FB083892 /* XCRemoteSwiftPackageReference "KeychainAccess" */;
			productName = KeychainAccess;
		};
		E8A9ED350A703F9EAF1CDA91 /* FYVideoCompressor */ = {
			isa = XCSwiftPackageProductDependency;
			package = 3E4D182D36DBB16871BA4EF4 /* XCRemoteSwiftPackageReference "FYVideoCompressor" */;
			productName = FYVideoCompressor;
		};
/* End XCSwiftPackageProductDependency section */
	};
	rootObject = 6213154560AB611AC60158B4 /* Project object */;
}
