{
  "object": {
    "pins": [
      {
        "package": "FYVideoCompressor",
        "repositoryURL": "https://github.com/T2Je/FYVideoCompressor",
        "state": {
          "branch": null,
          "revision": "9a932d3b90291be8072d56cc34fee8f69f844ac8",
          "version": "0.0.9"
        }
      },
      {
        "package": "KeychainAccess",
        "repositoryURL": "https://github.com/kishikawakatsumi/KeychainAccess",
        "state": {
          "branch": null,
          "revision": "84e546727d66f1adc5439debad16270d0fdd04e7",
          "version": "4.2.2"
        }
      },
      {
        "package": "PryntTrimmerView",
        "repositoryURL": "https://github.com/HHK1/PryntTrimmerView",
        "state": {
          "branch": null,
          "revision": "ac1b60a22c7e6a6514de7a66d2f3d5b537c956d5",
          "version": "4.0.2"
        }
      },
      {
        "package": "Stevia",
        "repositoryURL": "https://github.com/freshOS/Stevia",
        "state": {
          "branch": null,
          "revision": "6192b6216f821b7132e9b772108f25af8cf8ebc5",
          "version": "6.2.2"
        }
      },
      {
        "package": "LazyPager",
        "repositoryURL": "https://github.com/gh123man/SwiftUI-LazyPager",
        "state": {
          "branch": null,
          "revision": "be4b1952c1054e8b7802863005184eefd42104bd",
          "version": "1.2.1"
        }
      }
    ]
  },
  "version": 1
}
